schema: '2.0'
stages:
  prepare:
    cmd: uv run python -m fraudstream.training.prepare
    deps:
    - path: data/raw/paysim.csv
      hash: md5
      md5: e92a5f7447f43712f1dca473d0b0fa85
      size: 493534783
    - path: src/fraudstream/training/prepare.py
      hash: md5
      md5: 6820d577ac608072b4db8f6be3bb871a
      size: 1174
    params:
      params.yaml:
        split.ratio: 0.8
    outs:
    - path: data/interim/test.parquet
      hash: md5
      md5: 8c76bed5172237f3d03b16eef9ff9cff
      size: 54006631
    - path: data/interim/train.parquet
      hash: md5
      md5: 94adf31f03b85b5c8ec2baef55adf8b3
      size: 216135511
  featurize:
    cmd: uv run python -m fraudstream.training.featurize
    deps:
    - path: data/interim/test.parquet
      hash: md5
      md5: 8c76bed5172237f3d03b16eef9ff9cff
      size: 54006631
    - path: data/interim/train.parquet
      hash: md5
      md5: 94adf31f03b85b5c8ec2baef55adf8b3
      size: 216135511
    - path: src/fraudstream/features/transforms.py
      hash: md5
      md5: b334d358507a6ccb2a12863206fb22aa
      size: 739
    - path: src/fraudstream/training/featurize.py
      hash: md5
      md5: fddb2eb2d848264ffef49f0737f76bdc
      size: 852
    outs:
    - path: data/processed/X_test.parquet
      hash: md5
      md5: fa478fcdb7c3605be7fe7390b3253c26
      size: 43400289
    - path: data/processed/X_train.parquet
      hash: md5
      md5: d08a25fd4871502f4125550c310e5854
      size: 174307527
    - path: data/processed/y_test.parquet
      hash: md5
      md5: e343bd7084548206dfecfc7ba5ca0630
      size: 10767
    - path: data/processed/y_train.parquet
      hash: md5
      md5: 7467525ed875774af4b9fb18fe62c869
      size: 28545
  train:
    cmd: uv run python -m fraudstream.training.train
    deps:
    - path: data/processed/X_train.parquet
      hash: md5
      md5: d08a25fd4871502f4125550c310e5854
      size: 174307527
    - path: data/processed/y_train.parquet
      hash: md5
      md5: 7467525ed875774af4b9fb18fe62c869
      size: 28545
    - path: src/fraudstream/training/train.py
      hash: md5
      md5: 3047e58ff2d3ce65814d403e4c6b75ce
      size: 2757
    params:
      params.yaml:
        xgb.learning_rate: 0.1
        xgb.max_depth: 6
        xgb.n_estimators: 300
    outs:
    - path: models/lr.pkl
      hash: md5
      md5: b40d698ffefb008c7efb125ccbb5e393
      size: 1020
    - path: models/run_id.txt
      hash: md5
      md5: 41de107f2f2ab408ac92d636e46ee9d2
      size: 32
    - path: models/xgb.pkl
      hash: md5
      md5: be5187ef2982593bbc91932164e07bb0
      size: 770126
  evaluate:
    cmd: uv run python -m fraudstream.training.evaluate
    deps:
    - path: data/processed/X_test.parquet
      hash: md5
      md5: fa478fcdb7c3605be7fe7390b3253c26
      size: 43400289
    - path: data/processed/y_test.parquet
      hash: md5
      md5: e343bd7084548206dfecfc7ba5ca0630
      size: 10767
    - path: models/lr.pkl
      hash: md5
      md5: b40d698ffefb008c7efb125ccbb5e393
      size: 1020
    - path: models/run_id.txt
      hash: md5
      md5: 41de107f2f2ab408ac92d636e46ee9d2
      size: 32
    - path: models/xgb.pkl
      hash: md5
      md5: be5187ef2982593bbc91932164e07bb0
      size: 770126
    - path: src/fraudstream/training/evaluate.py
      hash: md5
      md5: d5ec8a7ea74941358460b9929b8f1c82
      size: 4138
    params:
      params.yaml:
        min_pr_auc: 0.7
